
Microsoft Visual Studio Solution File, Format Version 12.00
# Visual Studio Version 17
VisualStudioVersion = 17.9.34321.82
MinimumVisualStudioVersion = 10.0.40219.1
Project("{9A19103F-16F7-4668-BE54-9A1E7A4F7556}") = "CSV_api", "CSV_api\CSV_api.csproj", "{1FC71C52-D91A-42A9-8667-0FF0E49925ED}"
EndProject
Project("{FAE04EC0-301F-11D3-BF4B-00C04F79EFBC}") = "CSV_tests", "CSV_tests\CSV_tests.csproj", "{8E3B49BD-5412-4FDC-9282-C80F212F680D}"
EndProject
Global
	GlobalSection(SolutionConfigurationPlatforms) = preSolution
		Debug|Any CPU = Debug|Any CPU
		Release|Any CPU = Release|Any CPU
	EndGlobalSection
	GlobalSection(ProjectConfigurationPlatforms) = postSolution
		{1FC71C52-D91A-42A9-8667-0FF0E49925ED}.Debug|Any CPU.ActiveCfg = Debug|Any CPU
		{1FC71C52-D91A-42A9-8667-0FF0E49925ED}.Debug|Any CPU.Build.0 = Debug|Any CPU
		{1FC71C52-D91A-42A9-8667-0FF0E49925ED}.Release|Any CPU.ActiveCfg = Release|Any CPU
		{1FC71C52-D91A-42A9-8667-0FF0E49925ED}.Release|Any CPU.Build.0 = Release|Any CPU
		{8E3B49BD-5412-4FDC-9282-C80F212F680D}.Debug|Any CPU.ActiveCfg = Debug|Any CPU
		{8E3B49BD-5412-4FDC-9282-C80F212F680D}.Debug|Any CPU.Build.0 = Debug|Any CPU
		{8E3B49BD-5412-4FDC-9282-C80F212F680D}.Release|Any CPU.ActiveCfg = Release|Any CPU
		{8E3B49BD-5412-4FDC-9282-C80F212F680D}.Release|Any CPU.Build.0 = Release|Any CPU
	EndGlobalSection
	GlobalSection(SolutionProperties) = preSolution
		HideSolutionNode = FALSE
	EndGlobalSection
	GlobalSection(ExtensibilityGlobals) = postSolution
		SolutionGuid = {E01CAA4C-7491-44C6-AA4A-340CD49CD2F4}
	EndGlobalSection
EndGlobal
